// !$*UTF8*$!
{
	archiveVersion = 1;
	classes = {
	};
	objectVersion = 77;
	objects = {

/* Begin PBXBuildFile section */
		80C746E92D0BC74600377E83 /* Auth in Frameworks */ = {isa = PBXBuildFile; productRef = 80C746E82D0BC74600377E83 /* Auth */; };
		80C746EB2D0BC74600377E83 /* Functions in Frameworks */ = {isa = PBXBuildFile; productRef = 80C746EA2D0BC74600377E83 /* Functions */; };
		80C746ED2D0BC74600377E83 /* PostgREST in Frameworks */ = {isa = PBXBuildFile; productRef = 80C746EC2D0BC74600377E83 /* PostgREST */; };
		80C746EF2D0BC74600377E83 /* Storage in Frameworks */ = {isa = PBXBuildFile; productRef = 80C746EE2D0BC74600377E83 /* Storage */; };
		80C746F32D0BCC7600377E83 /* GoogleService-Info.plist in Resources */ = {isa = PBXBuildFile; fileRef = 80C746F22D0BCC7600377E83 /* GoogleService-Info.plist */; };
		80C746F82D0BCE3800377E83 /* FirebaseAnalytics in Frameworks */ = {isa = PBXBuildFile; productRef = 80C746F72D0BCE3800377E83 /* FirebaseAnalytics */; };
		80C746FA2D0BCE3800377E83 /* FirebaseAppCheck in Frameworks */ = {isa = PBXBuildFile; productRef = 80C746F92D0BCE3800377E83 /* FirebaseAppCheck */; };
		80C746FC2D0BCE3800377E83 /* FirebaseAuth in Frameworks */ = {isa = PBXBuildFile; productRef = 80C746FB2D0BCE3800377E83 /* FirebaseAuth */; };
		80C746FE2D0BCE3800377E83 /* FirebaseAuthCombine-Community in Frameworks */ = {isa = PBXBuildFile; productRef = 80C746FD2D0BCE3800377E83 /* FirebaseAuthCombine-Community */; };
		80C747002D0BCE3800377E83 /* FirebaseCore in Frameworks */ = {isa = PBXBuildFile; productRef = 80C746FF2D0BCE3800377E83 /* FirebaseCore */; };
		80C747022D0BCE3800377E83 /* FirebaseDatabase in Frameworks */ = {isa = PBXBuildFile; productRef = 80C747012D0BCE3800377E83 /* FirebaseDatabase */; };
		80C747042D0BCE3800377E83 /* FirebaseDynamicLinks in Frameworks */ = {isa = PBXBuildFile; productRef = 80C747032D0BCE3800377E83 /* FirebaseDynamicLinks */; };
		80C747062D0BCE3800377E83 /* FirebaseFirestore in Frameworks */ = {isa = PBXBuildFile; productRef = 80C747052D0BCE3800377E83 /* FirebaseFirestore */; };
		80C747082D0BCE3800377E83 /* FirebaseFirestoreCombine-Community in Frameworks */ = {isa = PBXBuildFile; productRef = 80C747072D0BCE3800377E83 /* FirebaseFirestoreCombine-Community */; };
		80C7470A2D0BCE3800377E83 /* FirebaseFunctions in Frameworks */ = {isa = PBXBuildFile; productRef = 80C747092D0BCE3800377E83 /* FirebaseFunctions */; };
		80C7470C2D0BCE3800377E83 /* FirebaseFunctionsCombine-Community in Frameworks */ = {isa = PBXBuildFile; productRef = 80C7470B2D0BCE3800377E83 /* FirebaseFunctionsCombine-Community */; };
		80C7470E2D0BCE3800377E83 /* FirebaseInAppMessaging-Beta in Frameworks */ = {isa = PBXBuildFile; productRef = 80C7470D2D0BCE3800377E83 /* FirebaseInAppMessaging-Beta */; };
		80C747102D0BCE3800377E83 /* FirebaseMessaging in Frameworks */ = {isa = PBXBuildFile; productRef = 80C7470F2D0BCE3800377E83 /* FirebaseMessaging */; };
		80C747122D0BCE3800377E83 /* FirebasePerformance in Frameworks */ = {isa = PBXBuildFile; productRef = 80C747112D0BCE3800377E83 /* FirebasePerformance */; };
		80C747142D0BCE3800377E83 /* FirebaseRemoteConfig in Frameworks */ = {isa = PBXBuildFile; productRef = 80C747132D0BCE3800377E83 /* FirebaseRemoteConfig */; };
		80C747162D0BCE3800377E83 /* FirebaseVertexAI in Frameworks */ = {isa = PBXBuildFile; productRef = 80C747152D0BCE3800377E83 /* FirebaseVertexAI */; };
		80CC85DE2D18CF73001F48E9 /* Stripe in Frameworks */ = {isa = PBXBuildFile; productRef = 80CC85DD2D18CF73001F48E9 /* Stripe */; };
		80CC85E02D18CF73001F48E9 /* StripeApplePay in Frameworks */ = {isa = PBXBuildFile; productRef = 80CC85DF2D18CF73001F48E9 /* StripeApplePay */; };
		80CC85E22D18CF73001F48E9 /* StripeCardScan in Frameworks */ = {isa = PBXBuildFile; productRef = 80CC85E12D18CF73001F48E9 /* StripeCardScan */; };
		80CC85E42D18CF73001F48E9 /* StripeConnect in Frameworks */ = {isa = PBXBuildFile; productRef = 80CC85E32D18CF73001F48E9 /* StripeConnect */; };
		80CC85E62D18CF73001F48E9 /* StripeFinancialConnections in Frameworks */ = {isa = PBXBuildFile; productRef = 80CC85E52D18CF73001F48E9 /* StripeFinancialConnections */; };
		80CC85E82D18CF73001F48E9 /* StripeIdentity in Frameworks */ = {isa = PBXBuildFile; productRef = 80CC85E72D18CF73001F48E9 /* StripeIdentity */; };
		80CC85EA2D18CF73001F48E9 /* StripePaymentSheet in Frameworks */ = {isa = PBXBuildFile; productRef = 80CC85E92D18CF73001F48E9 /* StripePaymentSheet */; };
		80CC85EC2D18CF73001F48E9 /* StripePayments in Frameworks */ = {isa = PBXBuildFile; productRef = 80CC85EB2D18CF73001F48E9 /* StripePayments */; };
		80CC85EE2D18CF73001F48E9 /* StripePaymentsUI in Frameworks */ = {isa = PBXBuildFile; productRef = 80CC85ED2D18CF73001F48E9 /* StripePaymentsUI */; };
/* End PBXBuildFile section */

/* Begin PBXContainerItemProxy section */
		80D3ADF52CD3F87F00FFD4ED /* PBXContainerItemProxy */ = {
			isa = PBXContainerItemProxy;
			containerPortal = 80D3ADDA2CD3F87C00FFD4ED /* Project object */;
			proxyType = 1;
			remoteGlobalIDString = 80D3ADE12CD3F87D00FFD4ED;
			remoteInfo = "mini-market";
		};
		80D3ADFF2CD3F87F00FFD4ED /* PBXContainerItemProxy */ = {
			isa = PBXContainerItemProxy;
			containerPortal = 80D3ADDA2CD3F87C00FFD4ED /* Project object */;
			proxyType = 1;
			remoteGlobalIDString = 80D3ADE12CD3F87D00FFD4ED;
			remoteInfo = "mini-market";
		};
/* End PBXContainerItemProxy section */

/* Begin PBXFileReference section */
		80C746F22D0BCC7600377E83 /* GoogleService-Info.plist */ = {isa = PBXFileReference; lastKnownFileType = text.plist.xml; path = "GoogleService-Info.plist"; sourceTree = "<group>"; };
		80D3ADE22CD3F87D00FFD4ED /* mini-market.app */ = {isa = PBXFileReference; explicitFileType = wrapper.application; includeInIndex = 0; path = "mini-market.app"; sourceTree = BUILT_PRODUCTS_DIR; };
		80D3ADF42CD3F87F00FFD4ED /* mini-marketTests.xctest */ = {isa = PBXFileReference; explicitFileType = wrapper.cfbundle; includeInIndex = 0; path = "mini-marketTests.xctest"; sourceTree = BUILT_PRODUCTS_DIR; };
		80D3ADFE2CD3F87F00FFD4ED /* mini-marketUITests.xctest */ = {isa = PBXFileReference; explicitFileType = wrapper.cfbundle; includeInIndex = 0; path = "mini-marketUITests.xctest"; sourceTree = BUILT_PRODUCTS_DIR; };
/* End PBXFileReference section */

/* Begin PBXFileSystemSynchronizedBuildFileExceptionSet section */
		80CC85CC2D17574F001F48E9 /* Exceptions for "mini-market" folder in "mini-market" target */ = {
			isa = PBXFileSystemSynchronizedBuildFileExceptionSet;
			membershipExceptions = (
				Info.plist,
			);
			target = 80D3ADE12CD3F87D00FFD4ED /* mini-market */;
		};
/* End PBXFileSystemSynchronizedBuildFileExceptionSet section */

/* Begin PBXFileSystemSynchronizedRootGroup section */
		80D3ADE42CD3F87D00FFD4ED /* mini-market */ = {
			isa = PBXFileSystemSynchronizedRootGroup;
			exceptions = (
				80CC85CC2D17574F001F48E9 /* Exceptions for "mini-market" folder in "mini-market" target */,
			);
			path = "mini-market";
			sourceTree = "<group>";
		};
		80D3ADF72CD3F87F00FFD4ED /* mini-marketTests */ = {
			isa = PBXFileSystemSynchronizedRootGroup;
			path = "mini-marketTests";
			sourceTree = "<group>";
		};
		80D3AE012CD3F87F00FFD4ED /* mini-marketUITests */ = {
			isa = PBXFileSystemSynchronizedRootGroup;
			path = "mini-marketUITests";
			sourceTree = "<group>";
		};
/* End PBXFileSystemSynchronizedRootGroup section */

/* Begin PBXFrameworksBuildPhase section */
		80D3ADDF2CD3F87D00FFD4ED /* Frameworks */ = {
			isa = PBXFrameworksBuildPhase;
			buildActionMask = 2147483647;
			files = (
				80C747082D0BCE3800377E83 /* FirebaseFirestoreCombine-Community in Frameworks */,
				80CC85E02D18CF73001F48E9 /* StripeApplePay in Frameworks */,
				80C7470A2D0BCE3800377E83 /* FirebaseFunctions in Frameworks */,
				80C747122D0BCE3800377E83 /* FirebasePerformance in Frameworks */,
				80C747022D0BCE3800377E83 /* FirebaseDatabase in Frameworks */,
				80CC85E62D18CF73001F48E9 /* StripeFinancialConnections in Frameworks */,
				80C747042D0BCE3800377E83 /* FirebaseDynamicLinks in Frameworks */,
				80CC85EA2D18CF73001F48E9 /* StripePaymentSheet in Frameworks */,
				80C746EF2D0BC74600377E83 /* Storage in Frameworks */,
				80C746ED2D0BC74600377E83 /* PostgREST in Frameworks */,
				80C746EB2D0BC74600377E83 /* Functions in Frameworks */,
				80C747062D0BCE3800377E83 /* FirebaseFirestore in Frameworks */,
				80C7470C2D0BCE3800377E83 /* FirebaseFunctionsCombine-Community in Frameworks */,
				80C747142D0BCE3800377E83 /* FirebaseRemoteConfig in Frameworks */,
				80C747102D0BCE3800377E83 /* FirebaseMessaging in Frameworks */,
				80C746F82D0BCE3800377E83 /* FirebaseAnalytics in Frameworks */,
				80C746FA2D0BCE3800377E83 /* FirebaseAppCheck in Frameworks */,
				80CC85DE2D18CF73001F48E9 /* Stripe in Frameworks */,
				80C7470E2D0BCE3800377E83 /* FirebaseInAppMessaging-Beta in Frameworks */,
				80C746FC2D0BCE3800377E83 /* FirebaseAuth in Frameworks */,
				80CC85EE2D18CF73001F48E9 /* StripePaymentsUI in Frameworks */,
				80C746E92D0BC74600377E83 /* Auth in Frameworks */,
				80C747162D0BCE3800377E83 /* FirebaseVertexAI in Frameworks */,
				80CC85E82D18CF73001F48E9 /* StripeIdentity in Frameworks */,
				80CC85E22D18CF73001F48E9 /* StripeCardScan in Frameworks */,
				80C747002D0BCE3800377E83 /* FirebaseCore in Frameworks */,
				80CC85E42D18CF73001F48E9 /* StripeConnect in Frameworks */,
				80CC85EC2D18CF73001F48E9 /* StripePayments in Frameworks */,
				80C746FE2D0BCE3800377E83 /* FirebaseAuthCombine-Community in Frameworks */,
			);
			runOnlyForDeploymentPostprocessing = 0;
		};
		80D3ADF12CD3F87F00FFD4ED /* Frameworks */ = {
			isa = PBXFrameworksBuildPhase;
			buildActionMask = 2147483647;
			files = (
			);
			runOnlyForDeploymentPostprocessing = 0;
		};
		80D3ADFB2CD3F87F00FFD4ED /* Frameworks */ = {
			isa = PBXFrameworksBuildPhase;
			buildActionMask = 2147483647;
			files = (
			);
			runOnlyForDeploymentPostprocessing = 0;
		};
/* End PBXFrameworksBuildPhase section */

/* Begin PBXGroup section */
		80D3ADD92CD3F87C00FFD4ED = {
			isa = PBXGroup;
			children = (
				80C746F22D0BCC7600377E83 /* GoogleService-Info.plist */,
				80D3ADE42CD3F87D00FFD4ED /* mini-market */,
				80D3ADF72CD3F87F00FFD4ED /* mini-marketTests */,
				80D3AE012CD3F87F00FFD4ED /* mini-marketUITests */,
				80D3ADE32CD3F87D00FFD4ED /* Products */,
			);
			sourceTree = "<group>";
		};
		80D3ADE32CD3F87D00FFD4ED /* Products */ = {
			isa = PBXGroup;
			children = (
				80D3ADE22CD3F87D00FFD4ED /* mini-market.app */,
				80D3ADF42CD3F87F00FFD4ED /* mini-marketTests.xctest */,
				80D3ADFE2CD3F87F00FFD4ED /* mini-marketUITests.xctest */,
			);
			name = Products;
			sourceTree = "<group>";
		};
/* End PBXGroup section */

/* Begin PBXNativeTarget section */
		80D3ADE12CD3F87D00FFD4ED /* mini-market */ = {
			isa = PBXNativeTarget;
			buildConfigurationList = 80D3AE082CD3F87F00FFD4ED /* Build configuration list for PBXNativeTarget "mini-market" */;
			buildPhases = (
				80D3ADDE2CD3F87D00FFD4ED /* Sources */,
				80D3ADDF2CD3F87D00FFD4ED /* Frameworks */,
				80D3ADE02CD3F87D00FFD4ED /* Resources */,
			);
			buildRules = (
			);
			dependencies = (
			);
			fileSystemSynchronizedGroups = (
				80D3ADE42CD3F87D00FFD4ED /* mini-market */,
			);
			name = "mini-market";
			packageProductDependencies = (
				80C746E82D0BC74600377E83 /* Auth */,
				80C746EA2D0BC74600377E83 /* Functions */,
				80C746EC2D0BC74600377E83 /* PostgREST */,
				80C746EE2D0BC74600377E83 /* Storage */,
				80C746F72D0BCE3800377E83 /* FirebaseAnalytics */,
				80C746F92D0BCE3800377E83 /* FirebaseAppCheck */,
				80C746FB2D0BCE3800377E83 /* FirebaseAuth */,
				80C746FD2D0BCE3800377E83 /* FirebaseAuthCombine-Community */,
				80C746FF2D0BCE3800377E83 /* FirebaseCore */,
				80C747012D0BCE3800377E83 /* FirebaseDatabase */,
				80C747032D0BCE3800377E83 /* FirebaseDynamicLinks */,
				80C747052D0BCE3800377E83 /* FirebaseFirestore */,
				80C747072D0BCE3800377E83 /* FirebaseFirestoreCombine-Community */,
				80C747092D0BCE3800377E83 /* FirebaseFunctions */,
				80C7470B2D0BCE3800377E83 /* FirebaseFunctionsCombine-Community */,
				80C7470D2D0BCE3800377E83 /* FirebaseInAppMessaging-Beta */,
				80C7470F2D0BCE3800377E83 /* FirebaseMessaging */,
				80C747112D0BCE3800377E83 /* FirebasePerformance */,
				80C747132D0BCE3800377E83 /* FirebaseRemoteConfig */,
				80C747152D0BCE3800377E83 /* FirebaseVertexAI */,
				80CC85DD2D18CF73001F48E9 /* Stripe */,
				80CC85DF2D18CF73001F48E9 /* StripeApplePay */,
				80CC85E12D18CF73001F48E9 /* StripeCardScan */,
				80CC85E32D18CF73001F48E9 /* StripeConnect */,
				80CC85E52D18CF73001F48E9 /* StripeFinancialConnections */,
				80CC85E72D18CF73001F48E9 /* StripeIdentity */,
				80CC85E92D18CF73001F48E9 /* StripePaymentSheet */,
				80CC85EB2D18CF73001F48E9 /* StripePayments */,
				80CC85ED2D18CF73001F48E9 /* StripePaymentsUI */,
			);
			productName = "mini-market";
			productReference = 80D3ADE22CD3F87D00FFD4ED /* mini-market.app */;
			productType = "com.apple.product-type.application";
		};
		80D3ADF32CD3F87F00FFD4ED /* mini-marketTests */ = {
			isa = PBXNativeTarget;
			buildConfigurationList = 80D3AE0B2CD3F87F00FFD4ED /* Build configuration list for PBXNativeTarget "mini-marketTests" */;
			buildPhases = (
				80D3ADF02CD3F87F00FFD4ED /* Sources */,
				80D3ADF12CD3F87F00FFD4ED /* Frameworks */,
				80D3ADF22CD3F87F00FFD4ED /* Resources */,
			);
			buildRules = (
			);
			dependencies = (
				80D3ADF62CD3F87F00FFD4ED /* PBXTargetDependency */,
			);
			fileSystemSynchronizedGroups = (
				80D3ADF72CD3F87F00FFD4ED /* mini-marketTests */,
			);
			name = "mini-marketTests";
			packageProductDependencies = (
			);
			productName = "mini-marketTests";
			productReference = 80D3ADF42CD3F87F00FFD4ED /* mini-marketTests.xctest */;
			productType = "com.apple.product-type.bundle.unit-test";
		};
		80D3ADFD2CD3F87F00FFD4ED /* mini-marketUITests */ = {
			isa = PBXNativeTarget;
			buildConfigurationList = 80D3AE0E2CD3F87F00FFD4ED /* Build configuration list for PBXNativeTarget "mini-marketUITests" */;
			buildPhases = (
				80D3ADFA2CD3F87F00FFD4ED /* Sources */,
				80D3ADFB2CD3F87F00FFD4ED /* Frameworks */,
				80D3ADFC2CD3F87F00FFD4ED /* Resources */,
			);
			buildRules = (
			);
			dependencies = (
				80D3AE002CD3F87F00FFD4ED /* PBXTargetDependency */,
			);
			fileSystemSynchronizedGroups = (
				80D3AE012CD3F87F00FFD4ED /* mini-marketUITests */,
			);
			name = "mini-marketUITests";
			packageProductDependencies = (
			);
			productName = "mini-marketUITests";
			productReference = 80D3ADFE2CD3F87F00FFD4ED /* mini-marketUITests.xctest */;
			productType = "com.apple.product-type.bundle.ui-testing";
		};
/* End PBXNativeTarget section */

/* Begin PBXProject section */
		80D3ADDA2CD3F87C00FFD4ED /* Project object */ = {
			isa = PBXProject;
			attributes = {
				BuildIndependentTargetsInParallel = 1;
				LastSwiftUpdateCheck = 1600;
				LastUpgradeCheck = 1600;
				TargetAttributes = {
					80D3ADE12CD3F87D00FFD4ED = {
						CreatedOnToolsVersion = 16.0;
					};
					80D3ADF32CD3F87F00FFD4ED = {
						CreatedOnToolsVersion = 16.0;
						TestTargetID = 80D3ADE12CD3F87D00FFD4ED;
					};
					80D3ADFD2CD3F87F00FFD4ED = {
						CreatedOnToolsVersion = 16.0;
						TestTargetID = 80D3ADE12CD3F87D00FFD4ED;
					};
				};
			};
			buildConfigurationList = 80D3ADDD2CD3F87C00FFD4ED /* Build configuration list for PBXProject "mini-market" */;
			developmentRegion = en;
			hasScannedForEncodings = 0;
			knownRegions = (
				en,
				Base,
			);
			mainGroup = 80D3ADD92CD3F87C00FFD4ED;
			minimizedProjectReferenceProxies = 1;
			packageReferences = (
				80C746E72D0BC74600377E83 /* XCRemoteSwiftPackageReference "supabase-swift" */,
				80C746F62D0BCE3800377E83 /* XCRemoteSwiftPackageReference "firebase-ios-sdk" */,
				80CC85DC2D18CF73001F48E9 /* XCRemoteSwiftPackageReference "stripe-ios" */,
			);
			preferredProjectObjectVersion = 77;
			productRefGroup = 80D3ADE32CD3F87D00FFD4ED /* Products */;
			projectDirPath = "";
			projectRoot = "";
			targets = (
				80D3ADE12CD3F87D00FFD4ED /* mini-market */,
				80D3ADF32CD3F87F00FFD4ED /* mini-marketTests */,
				80D3ADFD2CD3F87F00FFD4ED /* mini-marketUITests */,
			);
		};
/* End PBXProject section */

/* Begin PBXResourcesBuildPhase section */
		80D3ADE02CD3F87D00FFD4ED /* Resources */ = {
			isa = PBXResourcesBuildPhase;
			buildActionMask = 2147483647;
			files = (
				80C746F32D0BCC7600377E83 /* GoogleService-Info.plist in Resources */,
			);
			runOnlyForDeploymentPostprocessing = 0;
		};
		80D3ADF22CD3F87F00FFD4ED /* Resources */ = {
			isa = PBXResourcesBuildPhase;
			buildActionMask = 2147483647;
			files = (
			);
			runOnlyForDeploymentPostprocessing = 0;
		};
		80D3ADFC2CD3F87F00FFD4ED /* Resources */ = {
			isa = PBXResourcesBuildPhase;
			buildActionMask = 2147483647;
			files = (
			);
			runOnlyForDeploymentPostprocessing = 0;
		};
/* End PBXResourcesBuildPhase section */

/* Begin PBXSourcesBuildPhase section */
		80D3ADDE2CD3F87D00FFD4ED /* Sources */ = {
			isa = PBXSourcesBuildPhase;
			buildActionMask = 2147483647;
			files = (
			);
			runOnlyForDeploymentPostprocessing = 0;
		};
		80D3ADF02CD3F87F00FFD4ED /* Sources */ = {
			isa = PBXSourcesBuildPhase;
			buildActionMask = 2147483647;
			files = (
			);
			runOnlyForDeploymentPostprocessing = 0;
		};
		80D3ADFA2CD3F87F00FFD4ED /* Sources */ = {
			isa = PBXSourcesBuildPhase;
			buildActionMask = 2147483647;
			files = (
			);
			runOnlyForDeploymentPostprocessing = 0;
		};
/* End PBXSourcesBuildPhase section */

/* Begin PBXTargetDependency section */
		80D3ADF62CD3F87F00FFD4ED /* PBXTargetDependency */ = {
			isa = PBXTargetDependency;
			target = 80D3ADE12CD3F87D00FFD4ED /* mini-market */;
			targetProxy = 80D3ADF52CD3F87F00FFD4ED /* PBXContainerItemProxy */;
		};
		80D3AE002CD3F87F00FFD4ED /* PBXTargetDependency */ = {
			isa = PBXTargetDependency;
			target = 80D3ADE12CD3F87D00FFD4ED /* mini-market */;
			targetProxy = 80D3ADFF2CD3F87F00FFD4ED /* PBXContainerItemProxy */;
		};
/* End PBXTargetDependency section */

/* Begin XCBuildConfiguration section */
		80D3AE062CD3F87F00FFD4ED /* Debug */ = {
			isa = XCBuildConfiguration;
			buildSettings = {
				ALWAYS_SEARCH_USER_PATHS = NO;
				ASSETCATALOG_COMPILER_GENERATE_SWIFT_ASSET_SYMBOL_EXTENSIONS = YES;
				CLANG_ANALYZER_NONNULL = YES;
				CLANG_ANALYZER_NUMBER_OBJECT_CONVERSION = YES_AGGRESSIVE;
				CLANG_CXX_LANGUAGE_STANDARD = "gnu++20";
				CLANG_ENABLE_MODULES = YES;
				CLANG_ENABLE_OBJC_ARC = YES;
				CLANG_ENABLE_OBJC_WEAK = YES;
				CLANG_WARN_BLOCK_CAPTURE_AUTORELEASING = YES;
				CLANG_WARN_BOOL_CONVERSION = YES;
				CLANG_WARN_COMMA = YES;
				CLANG_WARN_CONSTANT_CONVERSION = YES;
				CLANG_WARN_DEPRECATED_OBJC_IMPLEMENTATIONS = YES;
				CLANG_WARN_DIRECT_OBJC_ISA_USAGE = YES_ERROR;
				CLANG_WARN_DOCUMENTATION_COMMENTS = YES;
				CLANG_WARN_EMPTY_BODY = YES;
				CLANG_WARN_ENUM_CONVERSION = YES;
				CLANG_WARN_INFINITE_RECURSION = YES;
				CLANG_WARN_INT_CONVERSION = YES;
				CLANG_WARN_NON_LITERAL_NULL_CONVERSION = YES;
				CLANG_WARN_OBJC_IMPLICIT_RETAIN_SELF = YES;
				CLANG_WARN_OBJC_LITERAL_CONVERSION = YES;
				CLANG_WARN_OBJC_ROOT_CLASS = YES_ERROR;
				CLANG_WARN_QUOTED_INCLUDE_IN_FRAMEWORK_HEADER = YES;
				CLANG_WARN_RANGE_LOOP_ANALYSIS = YES;
				CLANG_WARN_STRICT_PROTOTYPES = YES;
				CLANG_WARN_SUSPICIOUS_MOVE = YES;
				CLANG_WARN_UNGUARDED_AVAILABILITY = YES_AGGRESSIVE;
				CLANG_WARN_UNREACHABLE_CODE = YES;
				CLANG_WARN__DUPLICATE_METHOD_MATCH = YES;
				COPY_PHASE_STRIP = NO;
				DEBUG_INFORMATION_FORMAT = dwarf;
				ENABLE_STRICT_OBJC_MSGSEND = YES;
				ENABLE_TESTABILITY = YES;
				ENABLE_USER_SCRIPT_SANDBOXING = YES;
				GCC_C_LANGUAGE_STANDARD = gnu17;
				GCC_DYNAMIC_NO_PIC = NO;
				GCC_NO_COMMON_BLOCKS = YES;
				GCC_OPTIMIZATION_LEVEL = 0;
				GCC_PREPROCESSOR_DEFINITIONS = (
					"DEBUG=1",
					"$(inherited)",
				);
				GCC_WARN_64_TO_32_BIT_CONVERSION = YES;
				GCC_WARN_ABOUT_RETURN_TYPE = YES_ERROR;
				GCC_WARN_UNDECLARED_SELECTOR = YES;
				GCC_WARN_UNINITIALIZED_AUTOS = YES_AGGRESSIVE;
				GCC_WARN_UNUSED_FUNCTION = YES;
				GCC_WARN_UNUSED_VARIABLE = YES;
				IPHONEOS_DEPLOYMENT_TARGET = 18.0;
				LOCALIZATION_PREFERS_STRING_CATALOGS = YES;
				MTL_ENABLE_DEBUG_INFO = INCLUDE_SOURCE;
				MTL_FAST_MATH = YES;
				ONLY_ACTIVE_ARCH = YES;
				SDKROOT = iphoneos;
				SWIFT_ACTIVE_COMPILATION_CONDITIONS = "DEBUG $(inherited)";
				SWIFT_OPTIMIZATION_LEVEL = "-Onone";
			};
			name = Debug;
		};
		80D3AE072CD3F87F00FFD4ED /* Release */ = {
			isa = XCBuildConfiguration;
			buildSettings = {
				ALWAYS_SEARCH_USER_PATHS = NO;
				ASSETCATALOG_COMPILER_GENERATE_SWIFT_ASSET_SYMBOL_EXTENSIONS = YES;
				CLANG_ANALYZER_NONNULL = YES;
				CLANG_ANALYZER_NUMBER_OBJECT_CONVERSION = YES_AGGRESSIVE;
				CLANG_CXX_LANGUAGE_STANDARD = "gnu++20";
				CLANG_ENABLE_MODULES = YES;
				CLANG_ENABLE_OBJC_ARC = YES;
				CLANG_ENABLE_OBJC_WEAK = YES;
				CLANG_WARN_BLOCK_CAPTURE_AUTORELEASING = YES;
				CLANG_WARN_BOOL_CONVERSION = YES;
				CLANG_WARN_COMMA = YES;
				CLANG_WARN_CONSTANT_CONVERSION = YES;
				CLANG_WARN_DEPRECATED_OBJC_IMPLEMENTATIONS = YES;
				CLANG_WARN_DIRECT_OBJC_ISA_USAGE = YES_ERROR;
				CLANG_WARN_DOCUMENTATION_COMMENTS = YES;
				CLANG_WARN_EMPTY_BODY = YES;
				CLANG_WARN_ENUM_CONVERSION = YES;
				CLANG_WARN_INFINITE_RECURSION = YES;
				CLANG_WARN_INT_CONVERSION = YES;
				CLANG_WARN_NON_LITERAL_NULL_CONVERSION = YES;
				CLANG_WARN_OBJC_IMPLICIT_RETAIN_SELF = YES;
				CLANG_WARN_OBJC_LITERAL_CONVERSION = YES;
				CLANG_WARN_OBJC_ROOT_CLASS = YES_ERROR;
				CLANG_WARN_QUOTED_INCLUDE_IN_FRAMEWORK_HEADER = YES;
				CLANG_WARN_RANGE_LOOP_ANALYSIS = YES;
				CLANG_WARN_STRICT_PROTOTYPES = YES;
				CLANG_WARN_SUSPICIOUS_MOVE = YES;
				CLANG_WARN_UNGUARDED_AVAILABILITY = YES_AGGRESSIVE;
				CLANG_WARN_UNREACHABLE_CODE = YES;
				CLANG_WARN__DUPLICATE_METHOD_MATCH = YES;
				COPY_PHASE_STRIP = NO;
				DEBUG_INFORMATION_FORMAT = "dwarf-with-dsym";
				ENABLE_NS_ASSERTIONS = NO;
				ENABLE_STRICT_OBJC_MSGSEND = YES;
				ENABLE_USER_SCRIPT_SANDBOXING = YES;
				GCC_C_LANGUAGE_STANDARD = gnu17;
				GCC_NO_COMMON_BLOCKS = YES;
				GCC_WARN_64_TO_32_BIT_CONVERSION = YES;
				GCC_WARN_ABOUT_RETURN_TYPE = YES_ERROR;
				GCC_WARN_UNDECLARED_SELECTOR = YES;
				GCC_WARN_UNINITIALIZED_AUTOS = YES_AGGRESSIVE;
				GCC_WARN_UNUSED_FUNCTION = YES;
				GCC_WARN_UNUSED_VARIABLE = YES;
				IPHONEOS_DEPLOYMENT_TARGET = 18.0;
				LOCALIZATION_PREFERS_STRING_CATALOGS = YES;
				MTL_ENABLE_DEBUG_INFO = NO;
				MTL_FAST_MATH = YES;
				SDKROOT = iphoneos;
				SWIFT_COMPILATION_MODE = wholemodule;
				VALIDATE_PRODUCT = YES;
			};
			name = Release;
		};
		80D3AE092CD3F87F00FFD4ED /* Debug */ = {
			isa = XCBuildConfiguration;
			buildSettings = {
				ASSETCATALOG_COMPILER_APPICON_NAME = AppIcon;
				ASSETCATALOG_COMPILER_GLOBAL_ACCENT_COLOR_NAME = AccentColor;
				CODE_SIGN_STYLE = Automatic;
				CURRENT_PROJECT_VERSION = 1;
				DEVELOPMENT_ASSET_PATHS = "\"mini-market/Preview Content\"";
				DEVELOPMENT_TEAM = 39N7896SN3;
				ENABLE_PREVIEWS = YES;
				GENERATE_INFOPLIST_FILE = YES;
				INFOPLIST_FILE = "mini-market/Info.plist";
				INFOPLIST_KEY_LSApplicationCategoryType = "public.app-category.shopping";
				INFOPLIST_KEY_NSCameraUsageDescription = "Ler Qrcode da loja";
				INFOPLIST_KEY_UIApplicationSceneManifest_Generation = YES;
				INFOPLIST_KEY_UIApplicationSupportsIndirectInputEvents = YES;
				INFOPLIST_KEY_UILaunchScreen_Generation = YES;
				INFOPLIST_KEY_UIStatusBarStyle = UIStatusBarStyleLightContent;
				INFOPLIST_KEY_UISupportedInterfaceOrientations = UIInterfaceOrientationPortrait;
				INFOPLIST_KEY_UISupportedInterfaceOrientations_iPad = "UIInterfaceOrientationLandscapeLeft UIInterfaceOrientationLandscapeRight UIInterfaceOrientationPortrait UIInterfaceOrientationPortraitUpsideDown";
				LD_RUNPATH_SEARCH_PATHS = (
					"$(inherited)",
					"@executable_path/Frameworks",
				);
				MARKETING_VERSION = 1.0;
				PRODUCT_BUNDLE_IDENTIFIER = "rafaelgorayb.mini-market";
				PRODUCT_NAME = "$(TARGET_NAME)";
				SUPPORTED_PLATFORMS = "iphoneos iphonesimulator";
				SUPPORTS_MACCATALYST = NO;
				SUPPORTS_MAC_DESIGNED_FOR_IPHONE_IPAD = NO;
				SUPPORTS_XR_DESIGNED_FOR_IPHONE_IPAD = NO;
				SWIFT_EMIT_LOC_STRINGS = YES;
				SWIFT_VERSION = 5.0;
				TARGETED_DEVICE_FAMILY = 1;
			};
			name = Debug;
		};
		80D3AE0A2CD3F87F00FFD4ED /* Release */ = {
			isa = XCBuildConfiguration;
			buildSettings = {
				ASSETCATALOG_COMPILER_APPICON_NAME = AppIcon;
				ASSETCATALOG_COMPILER_GLOBAL_ACCENT_COLOR_NAME = AccentColor;
				CODE_SIGN_STYLE = Automatic;
				CURRENT_PROJECT_VERSION = 1;
				DEVELOPMENT_ASSET_PATHS = "\"mini-market/Preview Content\"";
				DEVELOPMENT_TEAM = 39N7896SN3;
				ENABLE_PREVIEWS = YES;
				GENERATE_INFOPLIST_FILE = YES;
				INFOPLIST_FILE = "mini-market/Info.plist";
				INFOPLIST_KEY_LSApplicationCategoryType = "public.app-category.shopping";
				INFOPLIST_KEY_NSCameraUsageDescription = "Ler Qrcode da loja";
				INFOPLIST_KEY_UIApplicationSceneManifest_Generation = YES;
				INFOPLIST_KEY_UIApplicationSupportsIndirectInputEvents = YES;
				INFOPLIST_KEY_UILaunchScreen_Generation = YES;
				INFOPLIST_KEY_UIStatusBarStyle = UIStatusBarStyleLightContent;
				INFOPLIST_KEY_UISupportedInterfaceOrientations = UIInterfaceOrientationPortrait;
				INFOPLIST_KEY_UISupportedInterfaceOrientations_iPad = "UIInterfaceOrientationLandscapeLeft UIInterfaceOrientationLandscapeRight UIInterfaceOrientationPortrait UIInterfaceOrientationPortraitUpsideDown";
				LD_RUNPATH_SEARCH_PATHS = (
					"$(inherited)",
					"@executable_path/Frameworks",
				);
				MARKETING_VERSION = 1.0;
				PRODUCT_BUNDLE_IDENTIFIER = "rafaelgorayb.mini-market";
				PRODUCT_NAME = "$(TARGET_NAME)";
				SUPPORTED_PLATFORMS = "iphoneos iphonesimulator";
				SUPPORTS_MACCATALYST = NO;
				SUPPORTS_MAC_DESIGNED_FOR_IPHONE_IPAD = NO;
				SUPPORTS_XR_DESIGNED_FOR_IPHONE_IPAD = NO;
				SWIFT_EMIT_LOC_STRINGS = YES;
				SWIFT_VERSION = 5.0;
				TARGETED_DEVICE_FAMILY = 1;
			};
			name = Release;
		};
		80D3AE0C2CD3F87F00FFD4ED /* Debug */ = {
			isa = XCBuildConfiguration;
			buildSettings = {
				BUNDLE_LOADER = "$(TEST_HOST)";
				CODE_SIGN_STYLE = Automatic;
				CURRENT_PROJECT_VERSION = 1;
				DEVELOPMENT_TEAM = 39N7896SN3;
				GENERATE_INFOPLIST_FILE = YES;
				IPHONEOS_DEPLOYMENT_TARGET = 18.0;
				MARKETING_VERSION = 1.0;
				PRODUCT_BUNDLE_IDENTIFIER = "rafaelgorayb.mini-marketTests";
				PRODUCT_NAME = "$(TARGET_NAME)";
				SWIFT_EMIT_LOC_STRINGS = NO;
				SWIFT_VERSION = 5.0;
				TARGETED_DEVICE_FAMILY = "1,2";
				TEST_HOST = "$(BUILT_PRODUCTS_DIR)/mini-market.app/$(BUNDLE_EXECUTABLE_FOLDER_PATH)/mini-market";
			};
			name = Debug;
		};
		80D3AE0D2CD3F87F00FFD4ED /* Release */ = {
			isa = XCBuildConfiguration;
			buildSettings = {
				BUNDLE_LOADER = "$(TEST_HOST)";
				CODE_SIGN_STYLE = Automatic;
				CURRENT_PROJECT_VERSION = 1;
				DEVELOPMENT_TEAM = 39N7896SN3;
				GENERATE_INFOPLIST_FILE = YES;
				IPHONEOS_DEPLOYMENT_TARGET = 18.0;
				MARKETING_VERSION = 1.0;
				PRODUCT_BUNDLE_IDENTIFIER = "rafaelgorayb.mini-marketTests";
				PRODUCT_NAME = "$(TARGET_NAME)";
				SWIFT_EMIT_LOC_STRINGS = NO;
				SWIFT_VERSION = 5.0;
				TARGETED_DEVICE_FAMILY = "1,2";
				TEST_HOST = "$(BUILT_PRODUCTS_DIR)/mini-market.app/$(BUNDLE_EXECUTABLE_FOLDER_PATH)/mini-market";
			};
			name = Release;
		};
		80D3AE0F2CD3F87F00FFD4ED /* Debug */ = {
			isa = XCBuildConfiguration;
			buildSettings = {
				CODE_SIGN_STYLE = Automatic;
				CURRENT_PROJECT_VERSION = 1;
				DEVELOPMENT_TEAM = 39N7896SN3;
				GENERATE_INFOPLIST_FILE = YES;
				MARKETING_VERSION = 1.0;
				PRODUCT_BUNDLE_IDENTIFIER = "rafaelgorayb.mini-marketUITests";
				PRODUCT_NAME = "$(TARGET_NAME)";
				SWIFT_EMIT_LOC_STRINGS = NO;
				SWIFT_VERSION = 5.0;
				TARGETED_DEVICE_FAMILY = "1,2";
				TEST_TARGET_NAME = "mini-market";
			};
			name = Debug;
		};
		80D3AE102CD3F87F00FFD4ED /* Release */ = {
			isa = XCBuildConfiguration;
			buildSettings = {
				CODE_SIGN_STYLE = Automatic;
				CURRENT_PROJECT_VERSION = 1;
				DEVELOPMENT_TEAM = 39N7896SN3;
				GENERATE_INFOPLIST_FILE = YES;
				MARKETING_VERSION = 1.0;
				PRODUCT_BUNDLE_IDENTIFIER = "rafaelgorayb.mini-marketUITests";
				PRODUCT_NAME = "$(TARGET_NAME)";
				SWIFT_EMIT_LOC_STRINGS = NO;
				SWIFT_VERSION = 5.0;
				TARGETED_DEVICE_FAMILY = "1,2";
				TEST_TARGET_NAME = "mini-market";
			};
			name = Release;
		};
/* End XCBuildConfiguration section */

/* Begin XCConfigurationList section */
		80D3ADDD2CD3F87C00FFD4ED /* Build configuration list for PBXProject "mini-market" */ = {
			isa = XCConfigurationList;
			buildConfigurations = (
				80D3AE062CD3F87F00FFD4ED /* Debug */,
				80D3AE072CD3F87F00FFD4ED /* Release */,
			);
			defaultConfigurationIsVisible = 0;
			defaultConfigurationName = Release;
		};
		80D3AE082CD3F87F00FFD4ED /* Build configuration list for PBXNativeTarget "mini-market" */ = {
			isa = XCConfigurationList;
			buildConfigurations = (
				80D3AE092CD3F87F00FFD4ED /* Debug */,
				80D3AE0A2CD3F87F00FFD4ED /* Release */,
			);
			defaultConfigurationIsVisible = 0;
			defaultConfigurationName = Release;
		};
		80D3AE0B2CD3F87F00FFD4ED /* Build configuration list for PBXNativeTarget "mini-marketTests" */ = {
			isa = XCConfigurationList;
			buildConfigurations = (
				80D3AE0C2CD3F87F00FFD4ED /* Debug */,
				80D3AE0D2CD3F87F00FFD4ED /* Release */,
			);
			defaultConfigurationIsVisible = 0;
			defaultConfigurationName = Release;
		};
		80D3AE0E2CD3F87F00FFD4ED /* Build configuration list for PBXNativeTarget "mini-marketUITests" */ = {
			isa = XCConfigurationList;
			buildConfigurations = (
				80D3AE0F2CD3F87F00FFD4ED /* Debug */,
				80D3AE102CD3F87F00FFD4ED /* Release */,
			);
			defaultConfigurationIsVisible = 0;
			defaultConfigurationName = Release;
		};
/* End XCConfigurationList section */

/* Begin XCRemoteSwiftPackageReference section */
		80C746E72D0BC74600377E83 /* XCRemoteSwiftPackageReference "supabase-swift" */ = {
			isa = XCRemoteSwiftPackageReference;
			repositoryURL = "https://github.com/supabase/supabase-swift.git";
			requirement = {
				kind = upToNextMajorVersion;
				minimumVersion = 2.5.1;
			};
		};
		80C746F62D0BCE3800377E83 /* XCRemoteSwiftPackageReference "firebase-ios-sdk" */ = {
			isa = XCRemoteSwiftPackageReference;
			repositoryURL = "https://github.com/firebase/firebase-ios-sdk/";
			requirement = {
				kind = upToNextMajorVersion;
				minimumVersion = 11.6.0;
			};
		};
		80CC85DC2D18CF73001F48E9 /* XCRemoteSwiftPackageReference "stripe-ios" */ = {
			isa = XCRemoteSwiftPackageReference;
			repositoryURL = "https://github.com/stripe/stripe-ios.git";
			requirement = {
				kind = upToNextMajorVersion;
				minimumVersion = 24.2.0;
			};
		};
/* End XCRemoteSwiftPackageReference section */

/* Begin XCSwiftPackageProductDependency section */
		80C746E82D0BC74600377E83 /* Auth */ = {
			isa = XCSwiftPackageProductDependency;
			package = 80C746E72D0BC74600377E83 /* XCRemoteSwiftPackageReference "supabase-swift" */;
			productName = Auth;
		};
		80C746EA2D0BC74600377E83 /* Functions */ = {
			isa = XCSwiftPackageProductDependency;
			package = 80C746E72D0BC74600377E83 /* XCRemoteSwiftPackageReference "supabase-swift" */;
			productName = Functions;
		};
		80C746EC2D0BC74600377E83 /* PostgREST */ = {
			isa = XCSwiftPackageProductDependency;
			package = 80C746E72D0BC74600377E83 /* XCRemoteSwiftPackageReference "supabase-swift" */;
			productName = PostgREST;
		};
		80C746EE2D0BC74600377E83 /* Storage */ = {
			isa = XCSwiftPackageProductDependency;
			package = 80C746E72D0BC74600377E83 /* XCRemoteSwiftPackageReference "supabase-swift" */;
			productName = Storage;
		};
		80C746F72D0BCE3800377E83 /* FirebaseAnalytics */ = {
			isa = XCSwiftPackageProductDependency;
			package = 80C746F62D0BCE3800377E83 /* XCRemoteSwiftPackageReference "firebase-ios-sdk" */;
			productName = FirebaseAnalytics;
		};
		80C746F92D0BCE3800377E83 /* FirebaseAppCheck */ = {
			isa = XCSwiftPackageProductDependency;
			package = 80C746F62D0BCE3800377E83 /* XCRemoteSwiftPackageReference "firebase-ios-sdk" */;
			productName = FirebaseAppCheck;
		};
		80C746FB2D0BCE3800377E83 /* FirebaseAuth */ = {
			isa = XCSwiftPackageProductDependency;
			package = 80C746F62D0BCE3800377E83 /* XCRemoteSwiftPackageReference "firebase-ios-sdk" */;
			productName = FirebaseAuth;
		};
		80C746FD2D0BCE3800377E83 /* FirebaseAuthCombine-Community */ = {
			isa = XCSwiftPackageProductDependency;
			package = 80C746F62D0BCE3800377E83 /* XCRemoteSwiftPackageReference "firebase-ios-sdk" */;
			productName = "FirebaseAuthCombine-Community";
		};
		80C746FF2D0BCE3800377E83 /* FirebaseCore */ = {
			isa = XCSwiftPackageProductDependency;
			package = 80C746F62D0BCE3800377E83 /* XCRemoteSwiftPackageReference "firebase-ios-sdk" */;
			productName = FirebaseCore;
		};
		80C747012D0BCE3800377E83 /* FirebaseDatabase */ = {
			isa = XCSwiftPackageProductDependency;
			package = 80C746F62D0BCE3800377E83 /* XCRemoteSwiftPackageReference "firebase-ios-sdk" */;
			productName = FirebaseDatabase;
		};
		80C747032D0BCE3800377E83 /* FirebaseDynamicLinks */ = {
			isa = XCSwiftPackageProductDependency;
			package = 80C746F62D0BCE3800377E83 /* XCRemoteSwiftPackageReference "firebase-ios-sdk" */;
			productName = FirebaseDynamicLinks;
		};
		80C747052D0BCE3800377E83 /* FirebaseFirestore */ = {
			isa = XCSwiftPackageProductDependency;
			package = 80C746F62D0BCE3800377E83 /* XCRemoteSwiftPackageReference "firebase-ios-sdk" */;
			productName = FirebaseFirestore;
		};
		80C747072D0BCE3800377E83 /* FirebaseFirestoreCombine-Community */ = {
			isa = XCSwiftPackageProductDependency;
			package = 80C746F62D0BCE3800377E83 /* XCRemoteSwiftPackageReference "firebase-ios-sdk" */;
			productName = "FirebaseFirestoreCombine-Community";
		};
		80C747092D0BCE3800377E83 /* FirebaseFunctions */ = {
			isa = XCSwiftPackageProductDependency;
			package = 80C746F62D0BCE3800377E83 /* XCRemoteSwiftPackageReference "firebase-ios-sdk" */;
			productName = FirebaseFunctions;
		};
		80C7470B2D0BCE3800377E83 /* FirebaseFunctionsCombine-Community */ = {
			isa = XCSwiftPackageProductDependency;
			package = 80C746F62D0BCE3800377E83 /* XCRemoteSwiftPackageReference "firebase-ios-sdk" */;
			productName = "FirebaseFunctionsCombine-Community";
		};
		80C7470D2D0BCE3800377E83 /* FirebaseInAppMessaging-Beta */ = {
			isa = XCSwiftPackageProductDependency;
			package = 80C746F62D0BCE3800377E83 /* XCRemoteSwiftPackageReference "firebase-ios-sdk" */;
			productName = "FirebaseInAppMessaging-Beta";
		};
		80C7470F2D0BCE3800377E83 /* FirebaseMessaging */ = {
			isa = XCSwiftPackageProductDependency;
			package = 80C746F62D0BCE3800377E83 /* XCRemoteSwiftPackageReference "firebase-ios-sdk" */;
			productName = FirebaseMessaging;
		};
		80C747112D0BCE3800377E83 /* FirebasePerformance */ = {
			isa = XCSwiftPackageProductDependency;
			package = 80C746F62D0BCE3800377E83 /* XCRemoteSwiftPackageReference "firebase-ios-sdk" */;
			productName = FirebasePerformance;
		};
		80C747132D0BCE3800377E83 /* FirebaseRemoteConfig */ = {
			isa = XCSwiftPackageProductDependency;
			package = 80C746F62D0BCE3800377E83 /* XCRemoteSwiftPackageReference "firebase-ios-sdk" */;
			productName = FirebaseRemoteConfig;
		};
		80C747152D0BCE3800377E83 /* FirebaseVertexAI */ = {
			isa = XCSwiftPackageProductDependency;
			package = 80C746F62D0BCE3800377E83 /* XCRemoteSwiftPackageReference "firebase-ios-sdk" */;
			productName = FirebaseVertexAI;
		};
		80CC85DD2D18CF73001F48E9 /* Stripe */ = {
			isa = XCSwiftPackageProductDependency;
			package = 80CC85DC2D18CF73001F48E9 /* XCRemoteSwiftPackageReference "stripe-ios" */;
			productName = Stripe;
		};
		80CC85DF2D18CF73001F48E9 /* StripeApplePay */ = {
			isa = XCSwiftPackageProductDependency;
			package = 80CC85DC2D18CF73001F48E9 /* XCRemoteSwiftPackageReference "stripe-ios" */;
			productName = StripeApplePay;
		};
		80CC85E12D18CF73001F48E9 /* StripeCardScan */ = {
			isa = XCSwiftPackageProductDependency;
			package = 80CC85DC2D18CF73001F48E9 /* XCRemoteSwiftPackageReference "stripe-ios" */;
			productName = StripeCardScan;
		};
		80CC85E32D18CF73001F48E9 /* StripeConnect */ = {
			isa = XCSwiftPackageProductDependency;
			package = 80CC85DC2D18CF73001F48E9 /* XCRemoteSwiftPackageReference "stripe-ios" */;
			productName = StripeConnect;
		};
		80CC85E52D18CF73001F48E9 /* StripeFinancialConnections */ = {
			isa = XCSwiftPackageProductDependency;
			package = 80CC85DC2D18CF73001F48E9 /* XCRemoteSwiftPackageReference "stripe-ios" */;
			productName = StripeFinancialConnections;
		};
		80CC85E72D18CF73001F48E9 /* StripeIdentity */ = {
			isa = XCSwiftPackageProductDependency;
			package = 80CC85DC2D18CF73001F48E9 /* XCRemoteSwiftPackageReference "stripe-ios" */;
			productName = StripeIdentity;
		};
		80CC85E92D18CF73001F48E9 /* StripePaymentSheet */ = {
			isa = XCSwiftPackageProductDependency;
			package = 80CC85DC2D18CF73001F48E9 /* XCRemoteSwiftPackageReference "stripe-ios" */;
			productName = StripePaymentSheet;
		};
		80CC85EB2D18CF73001F48E9 /* StripePayments */ = {
			isa = XCSwiftPackageProductDependency;
			package = 80CC85DC2D18CF73001F48E9 /* XCRemoteSwiftPackageReference "stripe-ios" */;
			productName = StripePayments;
		};
		80CC85ED2D18CF73001F48E9 /* StripePaymentsUI */ = {
			isa = XCSwiftPackageProductDependency;
			package = 80CC85DC2D18CF73001F48E9 /* XCRemoteSwiftPackageReference "stripe-ios" */;
			productName = StripePaymentsUI;
		};
/* End XCSwiftPackageProductDependency section */
	};
	rootObject = 80D3ADDA2CD3F87C00FFD4ED /* Project object */;
}
